
Microsoft Visual Studio Solution File, Format Version 11.00
# Visual Studio 2010
Project("{FAE04EC0-301F-11D3-BF4B-00C04F79EFBC}") = "globantlib.DataAccess", "globantlib.DataAccess\globantlib.DataAccess.csproj", "{96B5CBD9-0A78-4126-8541-A0CEBC1DBE79}"
EndProject
Project("{FAE04EC0-301F-11D3-BF4B-00C04F79EFBC}") = "globantlib.Business", "globantlib.Business\globantlib.Business.csproj", "{4A2394E3-FF9B-4CCD-90DB-5B3D53374DF7}"
EndProject
Project("{FAE04EC0-301F-11D3-BF4B-00C04F79EFBC}") = "globantlib.Rest", "globantlib.Rest\globantlib.Rest.csproj", "{C5A68CF5-5437-4155-9581-B74EB49B13F7}"
EndProject
Global
	GlobalSection(SolutionConfigurationPlatforms) = preSolution
		Debug|Any CPU = Debug|Any CPU
		Release|Any CPU = Release|Any CPU
	EndGlobalSection
	GlobalSection(ProjectConfigurationPlatforms) = postSolution
		{96B5CBD9-0A78-4126-8541-A0CEBC1DBE79}.Debug|Any CPU.ActiveCfg = Debug|Any CPU
		{96B5CBD9-0A78-4126-8541-A0CEBC1DBE79}.Debug|Any CPU.Build.0 = Debug|Any CPU
		{96B5CBD9-0A78-4126-8541-A0CEBC1DBE79}.Release|Any CPU.ActiveCfg = Release|Any CPU
		{96B5CBD9-0A78-4126-8541-A0CEBC1DBE79}.Release|Any CPU.Build.0 = Release|Any CPU
		{4A2394E3-FF9B-4CCD-90DB-5B3D53374DF7}.Debug|Any CPU.ActiveCfg = Debug|Any CPU
		{4A2394E3-FF9B-4CCD-90DB-5B3D53374DF7}.Debug|Any CPU.Build.0 = Debug|Any CPU
		{4A2394E3-FF9B-4CCD-90DB-5B3D53374DF7}.Release|Any CPU.ActiveCfg = Release|Any CPU
		{4A2394E3-FF9B-4CCD-90DB-5B3D53374DF7}.Release|Any CPU.Build.0 = Release|Any CPU
		{C5A68CF5-5437-4155-9581-B74EB49B13F7}.Debug|Any CPU.ActiveCfg = Debug|Any CPU
		{C5A68CF5-5437-4155-9581-B74EB49B13F7}.Debug|Any CPU.Build.0 = Debug|Any CPU
		{C5A68CF5-5437-4155-9581-B74EB49B13F7}.Release|Any CPU.ActiveCfg = Release|Any CPU
		{C5A68CF5-5437-4155-9581-B74EB49B13F7}.Release|Any CPU.Build.0 = Release|Any CPU
	EndGlobalSection
	GlobalSection(SolutionProperties) = preSolution
		HideSolutionNode = FALSE
	EndGlobalSection
EndGlobal
