
Microsoft Visual Studio Solution File, Format Version 11.00
# Visual Studio 2010
Project("{FAE04EC0-301F-11D3-BF4B-00C04F79EFBC}") = "globantlib.Web", "globantlib.Web\globantlib.Web.csproj", "{13C3CC98-BEB0-446F-BC7B-399546D9E3BF}"
EndProject
Project("{FAE04EC0-301F-11D3-BF4B-00C04F79EFBC}") = "globantlib.DataAccess", "globantlib.DataAccess\globantlib.DataAccess.csproj", "{96B5CBD9-0A78-4126-8541-A0CEBC1DBE79}"
EndProject
Global
	GlobalSection(SolutionConfigurationPlatforms) = preSolution
		Debug|Any CPU = Debug|Any CPU
		Release|Any CPU = Release|Any CPU
	EndGlobalSection
	GlobalSection(ProjectConfigurationPlatforms) = postSolution
		{13C3CC98-BEB0-446F-BC7B-399546D9E3BF}.Debug|Any CPU.ActiveCfg = Debug|Any CPU
		{13C3CC98-BEB0-446F-BC7B-399546D9E3BF}.Debug|Any CPU.Build.0 = Debug|Any CPU
		{13C3CC98-BEB0-446F-BC7B-399546D9E3BF}.Release|Any CPU.ActiveCfg = Release|Any CPU
		{13C3CC98-BEB0-446F-BC7B-399546D9E3BF}.Release|Any CPU.Build.0 = Release|Any CPU
		{96B5CBD9-0A78-4126-8541-A0CEBC1DBE79}.Debug|Any CPU.ActiveCfg = Debug|Any CPU
		{96B5CBD9-0A78-4126-8541-A0CEBC1DBE79}.Debug|Any CPU.Build.0 = Debug|Any CPU
		{96B5CBD9-0A78-4126-8541-A0CEBC1DBE79}.Release|Any CPU.ActiveCfg = Release|Any CPU
		{96B5CBD9-0A78-4126-8541-A0CEBC1DBE79}.Release|Any CPU.Build.0 = Release|Any CPU
	EndGlobalSection
	GlobalSection(SolutionProperties) = preSolution
		HideSolutionNode = FALSE
	EndGlobalSection
EndGlobal
